<Solution>
  <Project Path="Unity.Recorder.Editor.csproj" />
  <Project Path="VuforiaPackageTests.csproj" />
  <Project Path="VuforiaEditorScripts.csproj" />
  <Project Path="Assembly-CSharp.csproj" />
  <Project Path="Unity.Recorder.csproj" />
  <Project Path="VuforiaScripts.csproj" />
  <Project Path="Unity.Recorder.Base.csproj" />
  <Project Path="Assembly-CSharp-Editor.csproj" />
</Solution>
